
Microsoft Visual Studio Solution File, Format Version 12.00
# Visual Studio Version 16
VisualStudioVersion = 16.0.30717.126
MinimumVisualStudioVersion = 10.0.40219.1
Project("{FAE04EC0-301F-11D3-BF4B-00C04F79EFBC}") = "Tax_Calculator", "Tax_Calculator\Tax_Calculator.csproj", "{6AB33007-773C-4A55-A165-FE71CA6BCBBB}"
EndProject
Global
	GlobalSection(SolutionConfigurationPlatforms) = preSolution
		Debug|Any CPU = Debug|Any CPU
		Release|Any CPU = Release|Any CPU
	EndGlobalSection
	GlobalSection(ProjectConfigurationPlatforms) = postSolution
		{6AB33007-773C-4A55-A165-FE71CA6BCBBB}.Debug|Any CPU.ActiveCfg = Debug|Any CPU
		{6AB33007-773C-4A55-A165-FE71CA6BCBBB}.Debug|Any CPU.Build.0 = Debug|Any CPU
		{6AB33007-773C-4A55-A165-FE71CA6BCBBB}.Release|Any CPU.ActiveCfg = Release|Any CPU
		{6AB33007-773C-4A55-A165-FE71CA6BCBBB}.Release|Any CPU.Build.0 = Release|Any CPU
	EndGlobalSection
	GlobalSection(SolutionProperties) = preSolution
		HideSolutionNode = FALSE
	EndGlobalSection
	GlobalSection(ExtensibilityGlobals) = postSolution
		SolutionGuid = {78DE54A0-F0B0-422A-956B-800F28684904}
	EndGlobalSection
EndGlobal
